
Microsoft Visual Studio Solution File, Format Version 12.00
# Visual Studio 15
VisualStudioVersion = 15.0.28307.168
MinimumVisualStudioVersion = 10.0.40219.1
Project("{FAE04EC0-301F-11D3-BF4B-00C04F79EFBC}") = "DependencyInjectionWithCastle", "DependencyInjectionWithCastle\DependencyInjectionWithCastle.csproj", "{B8A76E7A-652D-4159-858D-D4C8B4B2DE4B}"
EndProject
Global
	GlobalSection(SolutionConfigurationPlatforms) = preSolution
		Debug|Any CPU = Debug|Any CPU
		Release|Any CPU = Release|Any CPU
	EndGlobalSection
	GlobalSection(ProjectConfigurationPlatforms) = postSolution
		{B8A76E7A-652D-4159-858D-D4C8B4B2DE4B}.Debug|Any CPU.ActiveCfg = Debug|Any CPU
		{B8A76E7A-652D-4159-858D-D4C8B4B2DE4B}.Debug|Any CPU.Build.0 = Debug|Any CPU
		{B8A76E7A-652D-4159-858D-D4C8B4B2DE4B}.Release|Any CPU.ActiveCfg = Release|Any CPU
		{B8A76E7A-652D-4159-858D-D4C8B4B2DE4B}.Release|Any CPU.Build.0 = Release|Any CPU
	EndGlobalSection
	GlobalSection(SolutionProperties) = preSolution
		HideSolutionNode = FALSE
	EndGlobalSection
	GlobalSection(ExtensibilityGlobals) = postSolution
		SolutionGuid = {921E968D-1131-4A87-BBD7-D4B4330443A4}
	EndGlobalSection
EndGlobal
